// !$*UTF8*$!
{
	archiveVersion = 1;
	classes = {
	};
	objectVersion = 56;
	objects = {

/* Begin PBXBuildFile section */
		27EF662328EC269000C1E570 /* AppDelegate.swift in Sources */ = {isa = PBXBuildFile; fileRef = 27EF662228EC269000C1E570 /* AppDelegate.swift */; };
		27EF662528EC269000C1E570 /* SceneDelegate.swift in Sources */ = {isa = PBXBuildFile; fileRef = 27EF662428EC269000C1E570 /* SceneDelegate.swift */; };
		27EF662C28EC269200C1E570 /* Assets.xcassets in Resources */ = {isa = PBXBuildFile; fileRef = 27EF662B28EC269200C1E570 /* Assets.xcassets */; };
		27EF662F28EC269200C1E570 /* LaunchScreen.storyboard in Resources */ = {isa = PBXBuildFile; fileRef = 27EF662D28EC269200C1E570 /* LaunchScreen.storyboard */; };
		27F2E71F28EC28C700CFE9F2 /* MainTabController.swift in Sources */ = {isa = PBXBuildFile; fileRef = 27F2E71E28EC28C700CFE9F2 /* MainTabController.swift */; };
		27F2E72128EC2A4900CFE9F2 /* FeedViewController.swift in Sources */ = {isa = PBXBuildFile; fileRef = 27F2E72028EC2A4900CFE9F2 /* FeedViewController.swift */; };
		27F2E72328EC2A9800CFE9F2 /* ExploreController.swift in Sources */ = {isa = PBXBuildFile; fileRef = 27F2E72228EC2A9800CFE9F2 /* ExploreController.swift */; };
		27F2E72528EC2AD700CFE9F2 /* NotificationController.swift in Sources */ = {isa = PBXBuildFile; fileRef = 27F2E72428EC2AD700CFE9F2 /* NotificationController.swift */; };
		27F2E72728EC2AED00CFE9F2 /* ConversationsController.swift in Sources */ = {isa = PBXBuildFile; fileRef = 27F2E72628EC2AED00CFE9F2 /* ConversationsController.swift */; };
		27F2E72928EC3BF000CFE9F2 /* Extension.swift in Sources */ = {isa = PBXBuildFile; fileRef = 27F2E72828EC3BF000CFE9F2 /* Extension.swift */; };
		27F2E72C28EC456200CFE9F2 /* LoginViewController.swift in Sources */ = {isa = PBXBuildFile; fileRef = 27F2E72B28EC456200CFE9F2 /* LoginViewController.swift */; };
		27F2E72E28EC465700CFE9F2 /* RegisterationViewController.swift in Sources */ = {isa = PBXBuildFile; fileRef = 27F2E72D28EC465700CFE9F2 /* RegisterationViewController.swift */; };
		27F2E73028EC65BC00CFE9F2 /* Utilities.swift in Sources */ = {isa = PBXBuildFile; fileRef = 27F2E72F28EC65BC00CFE9F2 /* Utilities.swift */; };
		63254B5529111A7E00C90DEC /* ProfileEditController.swift in Sources */ = {isa = PBXBuildFile; fileRef = 63254B5429111A7E00C90DEC /* ProfileEditController.swift */; };
		63254B5829111E9F00C90DEC /* EditProfileHeader.swift in Sources */ = {isa = PBXBuildFile; fileRef = 63254B5729111E9F00C90DEC /* EditProfileHeader.swift */; };
		63254B5A291147ED00C90DEC /* EditProfileViewModel.swift in Sources */ = {isa = PBXBuildFile; fileRef = 63254B59291147ED00C90DEC /* EditProfileViewModel.swift */; };
		63254B5C2911487000C90DEC /* EditProfileCell.swift in Sources */ = {isa = PBXBuildFile; fileRef = 63254B5B2911487000C90DEC /* EditProfileCell.swift */; };
		634FB56F2ABB021C00BBCBA3 /* BuilderKit in Frameworks */ = {isa = PBXBuildFile; productRef = 634FB56E2ABB021C00BBCBA3 /* BuilderKit */; };
		634FB5822ABF16F100BBCBA3 /* NSAttributedString.swift in Sources */ = {isa = PBXBuildFile; fileRef = 634FB5812ABF16F100BBCBA3 /* NSAttributedString.swift */; };
		634FB5852ABF23F000BBCBA3 /* InputTextFieldView.swift in Sources */ = {isa = PBXBuildFile; fileRef = 634FB5842ABF23F000BBCBA3 /* InputTextFieldView.swift */; };
		634FB5872AC05A8900BBCBA3 /* UIAlertController.swift in Sources */ = {isa = PBXBuildFile; fileRef = 634FB5862AC05A8900BBCBA3 /* UIAlertController.swift */; };
		635249EC2C5F5949001C6649 /* BaseView.swift in Sources */ = {isa = PBXBuildFile; fileRef = 635249EB2C5F5949001C6649 /* BaseView.swift */; };
		635249EE2C5F59F5001C6649 /* BaseCell.swift in Sources */ = {isa = PBXBuildFile; fileRef = 635249ED2C5F59F5001C6649 /* BaseCell.swift */; };
		635249F22C5F5AD1001C6649 /* UICollectionView+.swift in Sources */ = {isa = PBXBuildFile; fileRef = 635249F12C5F5AD1001C6649 /* UICollectionView+.swift */; };
		635249F42C5F5AE3001C6649 /* UICollectionViewCell.swift in Sources */ = {isa = PBXBuildFile; fileRef = 635249F32C5F5AE3001C6649 /* UICollectionViewCell.swift */; };
		635249F62C5F5AFE001C6649 /* Reusable.swift in Sources */ = {isa = PBXBuildFile; fileRef = 635249F52C5F5AFE001C6649 /* Reusable.swift */; };
		635249F82C5F5B23001C6649 /* UITableView+.swift in Sources */ = {isa = PBXBuildFile; fileRef = 635249F72C5F5B23001C6649 /* UITableView+.swift */; };
		635249FA2C5F5B39001C6649 /* UITableViewCell.swift in Sources */ = {isa = PBXBuildFile; fileRef = 635249F92C5F5B39001C6649 /* UITableViewCell.swift */; };
		635249FC2C5F92D3001C6649 /* UIButton.swift in Sources */ = {isa = PBXBuildFile; fileRef = 635249FB2C5F92D3001C6649 /* UIButton.swift */; };
		635249FE2C62F08F001C6649 /* String.swift in Sources */ = {isa = PBXBuildFile; fileRef = 635249FD2C62F08F001C6649 /* String.swift */; };
		638BAE062C5E129E003CA3F2 /* BaseViewController.swift in Sources */ = {isa = PBXBuildFile; fileRef = 638BAE052C5E129E003CA3F2 /* BaseViewController.swift */; };
		6393D2852C562A5F00532D95 /* GoogleService-Info.plist in Resources */ = {isa = PBXBuildFile; fileRef = 6393D2842C562A5F00532D95 /* GoogleService-Info.plist */; };
		6393D2882C562BD200532D95 /* SnapKit in Frameworks */ = {isa = PBXBuildFile; productRef = 6393D2872C562BD200532D95 /* SnapKit */; };
		6393D28E2C562CF100532D95 /* FirebaseAnalytics in Frameworks */ = {isa = PBXBuildFile; productRef = 6393D28D2C562CF100532D95 /* FirebaseAnalytics */; };
		6393D2902C562CF100532D95 /* FirebaseAnalyticsOnDeviceConversion in Frameworks */ = {isa = PBXBuildFile; productRef = 6393D28F2C562CF100532D95 /* FirebaseAnalyticsOnDeviceConversion */; };
		6393D2922C562CF100532D95 /* FirebaseAnalyticsSwift in Frameworks */ = {isa = PBXBuildFile; productRef = 6393D2912C562CF100532D95 /* FirebaseAnalyticsSwift */; };
		6393D2942C562CF100532D95 /* FirebaseAnalyticsWithoutAdIdSupport in Frameworks */ = {isa = PBXBuildFile; productRef = 6393D2932C562CF100532D95 /* FirebaseAnalyticsWithoutAdIdSupport */; };
		6393D2962C562CF100532D95 /* FirebaseAppCheck in Frameworks */ = {isa = PBXBuildFile; productRef = 6393D2952C562CF100532D95 /* FirebaseAppCheck */; };
		6393D2982C562CF100532D95 /* FirebaseAppDistribution-Beta in Frameworks */ = {isa = PBXBuildFile; productRef = 6393D2972C562CF100532D95 /* FirebaseAppDistribution-Beta */; };
		6393D29A2C562CF100532D95 /* FirebaseAuth in Frameworks */ = {isa = PBXBuildFile; productRef = 6393D2992C562CF100532D95 /* FirebaseAuth */; };
		6393D29C2C562CF100532D95 /* FirebaseAuthCombine-Community in Frameworks */ = {isa = PBXBuildFile; productRef = 6393D29B2C562CF100532D95 /* FirebaseAuthCombine-Community */; };
		6393D29E2C562CF100532D95 /* FirebaseCrashlytics in Frameworks */ = {isa = PBXBuildFile; productRef = 6393D29D2C562CF100532D95 /* FirebaseCrashlytics */; };
		6393D2A02C562CF100532D95 /* FirebaseDatabase in Frameworks */ = {isa = PBXBuildFile; productRef = 6393D29F2C562CF100532D95 /* FirebaseDatabase */; };
		6393D2A22C562CF100532D95 /* FirebaseDatabaseSwift in Frameworks */ = {isa = PBXBuildFile; productRef = 6393D2A12C562CF100532D95 /* FirebaseDatabaseSwift */; };
		6393D2A42C562CF100532D95 /* FirebaseDynamicLinks in Frameworks */ = {isa = PBXBuildFile; productRef = 6393D2A32C562CF100532D95 /* FirebaseDynamicLinks */; };
		6393D2A62C562CF100532D95 /* FirebaseFirestore in Frameworks */ = {isa = PBXBuildFile; productRef = 6393D2A52C562CF100532D95 /* FirebaseFirestore */; };
		6393D2A82C562CF100532D95 /* FirebaseFirestoreCombine-Community in Frameworks */ = {isa = PBXBuildFile; productRef = 6393D2A72C562CF100532D95 /* FirebaseFirestoreCombine-Community */; };
		6393D2AA2C562CF100532D95 /* FirebaseFirestoreSwift in Frameworks */ = {isa = PBXBuildFile; productRef = 6393D2A92C562CF100532D95 /* FirebaseFirestoreSwift */; };
		6393D2AC2C562CF100532D95 /* FirebaseFunctions in Frameworks */ = {isa = PBXBuildFile; productRef = 6393D2AB2C562CF100532D95 /* FirebaseFunctions */; };
		6393D2AE2C562CF100532D95 /* FirebaseFunctionsCombine-Community in Frameworks */ = {isa = PBXBuildFile; productRef = 6393D2AD2C562CF100532D95 /* FirebaseFunctionsCombine-Community */; };
		6393D2B02C562CF100532D95 /* FirebaseInAppMessaging-Beta in Frameworks */ = {isa = PBXBuildFile; productRef = 6393D2AF2C562CF100532D95 /* FirebaseInAppMessaging-Beta */; };
		6393D2B22C562CF100532D95 /* FirebaseInAppMessagingSwift-Beta in Frameworks */ = {isa = PBXBuildFile; productRef = 6393D2B12C562CF100532D95 /* FirebaseInAppMessagingSwift-Beta */; };
		6393D2B42C562CF100532D95 /* FirebaseInstallations in Frameworks */ = {isa = PBXBuildFile; productRef = 6393D2B32C562CF100532D95 /* FirebaseInstallations */; };
		6393D2B62C562CF100532D95 /* FirebaseMLModelDownloader in Frameworks */ = {isa = PBXBuildFile; productRef = 6393D2B52C562CF100532D95 /* FirebaseMLModelDownloader */; };
		6393D2B82C562CF100532D95 /* FirebaseMessaging in Frameworks */ = {isa = PBXBuildFile; productRef = 6393D2B72C562CF100532D95 /* FirebaseMessaging */; };
		6393D2BA2C562CF100532D95 /* FirebasePerformance in Frameworks */ = {isa = PBXBuildFile; productRef = 6393D2B92C562CF100532D95 /* FirebasePerformance */; };
		6393D2BC2C562CF100532D95 /* FirebaseRemoteConfig in Frameworks */ = {isa = PBXBuildFile; productRef = 6393D2BB2C562CF100532D95 /* FirebaseRemoteConfig */; };
		6393D2BE2C562CF100532D95 /* FirebaseRemoteConfigSwift in Frameworks */ = {isa = PBXBuildFile; productRef = 6393D2BD2C562CF100532D95 /* FirebaseRemoteConfigSwift */; };
		6393D2C02C562CF100532D95 /* FirebaseStorage in Frameworks */ = {isa = PBXBuildFile; productRef = 6393D2BF2C562CF100532D95 /* FirebaseStorage */; };
		6393D2C22C562CF100532D95 /* FirebaseStorageCombine-Community in Frameworks */ = {isa = PBXBuildFile; productRef = 6393D2C12C562CF100532D95 /* FirebaseStorageCombine-Community */; };
		6393D2C42C562CF100532D95 /* FirebaseVertexAI-Preview in Frameworks */ = {isa = PBXBuildFile; productRef = 6393D2C32C562CF100532D95 /* FirebaseVertexAI-Preview */; };
		6393D2C72C562E2600532D95 /* SDWebImage in Frameworks */ = {isa = PBXBuildFile; productRef = 6393D2C62C562E2600532D95 /* SDWebImage */; };
		6393D2C92C562E2600532D95 /* SDWebImageMapKit in Frameworks */ = {isa = PBXBuildFile; productRef = 6393D2C82C562E2600532D95 /* SDWebImageMapKit */; };
		6393D2CB2C590FE500532D95 /* NetworkManager.swift in Sources */ = {isa = PBXBuildFile; fileRef = 6393D2CA2C590FE500532D95 /* NetworkManager.swift */; };
		6393D2CD2C5911AA00532D95 /* UserDefaults.swift in Sources */ = {isa = PBXBuildFile; fileRef = 6393D2CC2C5911AA00532D95 /* UserDefaults.swift */; };
		6393D2CF2C59170D00532D95 /* User.swift in Sources */ = {isa = PBXBuildFile; fileRef = 6393D2CE2C59170D00532D95 /* User.swift */; };
		639EA1FE28EFF85000564ED9 /* Constants.swift in Sources */ = {isa = PBXBuildFile; fileRef = 639EA1FD28EFF85000564ED9 /* Constants.swift */; };
		639EA20028F003E300564ED9 /* AuthService.swift in Sources */ = {isa = PBXBuildFile; fileRef = 639EA1FF28F003E300564ED9 /* AuthService.swift */; };
		639EA20228F068D500564ED9 /* UserService.swift in Sources */ = {isa = PBXBuildFile; fileRef = 639EA20128F068D500564ED9 /* UserService.swift */; };
		639EA20428F06D9A00564ED9 /* UserInfo.swift in Sources */ = {isa = PBXBuildFile; fileRef = 639EA20328F06D9A00564ED9 /* UserInfo.swift */; };
		639EA20628F310F800564ED9 /* UpLoadTweetController.swift in Sources */ = {isa = PBXBuildFile; fileRef = 639EA20528F310F800564ED9 /* UpLoadTweetController.swift */; };
		639EA20828F318FC00564ED9 /* InputTextView.swift in Sources */ = {isa = PBXBuildFile; fileRef = 639EA20728F318FC00564ED9 /* InputTextView.swift */; };
		639EA20A28F31E6700564ED9 /* TweetService.swift in Sources */ = {isa = PBXBuildFile; fileRef = 639EA20928F31E6700564ED9 /* TweetService.swift */; };
		639EA20C28F5320E00564ED9 /* Tweet.swift in Sources */ = {isa = PBXBuildFile; fileRef = 639EA20B28F5320E00564ED9 /* Tweet.swift */; };
		639EA20E28F5390900564ED9 /* TweetCell.swift in Sources */ = {isa = PBXBuildFile; fileRef = 639EA20D28F5390900564ED9 /* TweetCell.swift */; };
		639EA21028F54B1B00564ED9 /* TweetViewModel.swift in Sources */ = {isa = PBXBuildFile; fileRef = 639EA20F28F54B1B00564ED9 /* TweetViewModel.swift */; };
		639EA21228F5720200564ED9 /* ProfileController.swift in Sources */ = {isa = PBXBuildFile; fileRef = 639EA21128F5720200564ED9 /* ProfileController.swift */; };
		639EA21428F5A38400564ED9 /* ProfileHeader.swift in Sources */ = {isa = PBXBuildFile; fileRef = 639EA21328F5A38400564ED9 /* ProfileHeader.swift */; };
		639EA21628F64EE600564ED9 /* ProfileFillterView.swift in Sources */ = {isa = PBXBuildFile; fileRef = 639EA21528F64EE600564ED9 /* ProfileFillterView.swift */; };
		639EA21828F6513B00564ED9 /* ProfileFilterCell.swift in Sources */ = {isa = PBXBuildFile; fileRef = 639EA21728F6513B00564ED9 /* ProfileFilterCell.swift */; };
		639EA21A28F65A6A00564ED9 /* ProfileHeaderViewModel.swift in Sources */ = {isa = PBXBuildFile; fileRef = 639EA21928F65A6A00564ED9 /* ProfileHeaderViewModel.swift */; };
		639EA21C28F6919900564ED9 /* UserCell.swift in Sources */ = {isa = PBXBuildFile; fileRef = 639EA21B28F6919900564ED9 /* UserCell.swift */; };
		63C5ADF72914139C0061132B /* EditProfileFooter.swift in Sources */ = {isa = PBXBuildFile; fileRef = 63C5ADF62914139C0061132B /* EditProfileFooter.swift */; };
		63C5ADFB2916AC8C0061132B /* RegisterViewModel.swift in Sources */ = {isa = PBXBuildFile; fileRef = 63C5ADFA2916AC8C0061132B /* RegisterViewModel.swift */; };
		63D0BA6A28FC4313009F369A /* .swiftlint.yml in Resources */ = {isa = PBXBuildFile; fileRef = 63D0BA6928FC4313009F369A /* .swiftlint.yml */; };
		63D0BA6C29003714009F369A /* TweetController.swift in Sources */ = {isa = PBXBuildFile; fileRef = 63D0BA6B29003714009F369A /* TweetController.swift */; };
		63D0BA6E29003A6D009F369A /* TweetHeader.swift in Sources */ = {isa = PBXBuildFile; fileRef = 63D0BA6D29003A6D009F369A /* TweetHeader.swift */; };
		63D0BA7229058B5D009F369A /* ActionSheetLauncher.swift in Sources */ = {isa = PBXBuildFile; fileRef = 63D0BA7129058B5D009F369A /* ActionSheetLauncher.swift */; };
		63D0BA742905935E009F369A /* ActionSheetCell.swift in Sources */ = {isa = PBXBuildFile; fileRef = 63D0BA732905935E009F369A /* ActionSheetCell.swift */; };
		63D0BA76290598E2009F369A /* ActionSheetViewModel.swift in Sources */ = {isa = PBXBuildFile; fileRef = 63D0BA75290598E2009F369A /* ActionSheetViewModel.swift */; };
		63D0BA78290685B6009F369A /* Notification.swift in Sources */ = {isa = PBXBuildFile; fileRef = 63D0BA77290685B6009F369A /* Notification.swift */; };
		63D0BA7A2906B002009F369A /* NotificationService.swift in Sources */ = {isa = PBXBuildFile; fileRef = 63D0BA792906B002009F369A /* NotificationService.swift */; };
		63D0BA7C2906C632009F369A /* NotificationCell.swift in Sources */ = {isa = PBXBuildFile; fileRef = 63D0BA7B2906C632009F369A /* NotificationCell.swift */; };
		63D0BA7E29096372009F369A /* NotificationViewModel.swift in Sources */ = {isa = PBXBuildFile; fileRef = 63D0BA7D29096372009F369A /* NotificationViewModel.swift */; };
/* End PBXBuildFile section */

/* Begin PBXFileReference section */
		27EF661F28EC269000C1E570 /* TwitterPractice.app */ = {isa = PBXFileReference; explicitFileType = wrapper.application; includeInIndex = 0; path = TwitterPractice.app; sourceTree = BUILT_PRODUCTS_DIR; };
		27EF662228EC269000C1E570 /* AppDelegate.swift */ = {isa = PBXFileReference; lastKnownFileType = sourcecode.swift; path = AppDelegate.swift; sourceTree = "<group>"; };
		27EF662428EC269000C1E570 /* SceneDelegate.swift */ = {isa = PBXFileReference; lastKnownFileType = sourcecode.swift; path = SceneDelegate.swift; sourceTree = "<group>"; };
		27EF662B28EC269200C1E570 /* Assets.xcassets */ = {isa = PBXFileReference; lastKnownFileType = folder.assetcatalog; path = Assets.xcassets; sourceTree = "<group>"; };
		27EF662E28EC269200C1E570 /* Base */ = {isa = PBXFileReference; lastKnownFileType = file.storyboard; name = Base; path = Base.lproj/LaunchScreen.storyboard; sourceTree = "<group>"; };
		27EF663028EC269200C1E570 /* Info.plist */ = {isa = PBXFileReference; lastKnownFileType = text.plist.xml; path = Info.plist; sourceTree = "<group>"; };
		27F2E71E28EC28C700CFE9F2 /* MainTabController.swift */ = {isa = PBXFileReference; lastKnownFileType = sourcecode.swift; path = MainTabController.swift; sourceTree = "<group>"; };
		27F2E72028EC2A4900CFE9F2 /* FeedViewController.swift */ = {isa = PBXFileReference; lastKnownFileType = sourcecode.swift; path = FeedViewController.swift; sourceTree = "<group>"; };
		27F2E72228EC2A9800CFE9F2 /* ExploreController.swift */ = {isa = PBXFileReference; lastKnownFileType = sourcecode.swift; path = ExploreController.swift; sourceTree = "<group>"; };
		27F2E72428EC2AD700CFE9F2 /* NotificationController.swift */ = {isa = PBXFileReference; lastKnownFileType = sourcecode.swift; path = NotificationController.swift; sourceTree = "<group>"; };
		27F2E72628EC2AED00CFE9F2 /* ConversationsController.swift */ = {isa = PBXFileReference; lastKnownFileType = sourcecode.swift; path = ConversationsController.swift; sourceTree = "<group>"; };
		27F2E72828EC3BF000CFE9F2 /* Extension.swift */ = {isa = PBXFileReference; lastKnownFileType = sourcecode.swift; path = Extension.swift; sourceTree = "<group>"; };
		27F2E72B28EC456200CFE9F2 /* LoginViewController.swift */ = {isa = PBXFileReference; lastKnownFileType = sourcecode.swift; path = LoginViewController.swift; sourceTree = "<group>"; };
		27F2E72D28EC465700CFE9F2 /* RegisterationViewController.swift */ = {isa = PBXFileReference; lastKnownFileType = sourcecode.swift; path = RegisterationViewController.swift; sourceTree = "<group>"; };
		27F2E72F28EC65BC00CFE9F2 /* Utilities.swift */ = {isa = PBXFileReference; lastKnownFileType = sourcecode.swift; path = Utilities.swift; sourceTree = "<group>"; };
		63254B5429111A7E00C90DEC /* ProfileEditController.swift */ = {isa = PBXFileReference; lastKnownFileType = sourcecode.swift; path = ProfileEditController.swift; sourceTree = "<group>"; };
		63254B5729111E9F00C90DEC /* EditProfileHeader.swift */ = {isa = PBXFileReference; lastKnownFileType = sourcecode.swift; path = EditProfileHeader.swift; sourceTree = "<group>"; };
		63254B59291147ED00C90DEC /* EditProfileViewModel.swift */ = {isa = PBXFileReference; lastKnownFileType = sourcecode.swift; path = EditProfileViewModel.swift; sourceTree = "<group>"; };
		63254B5B2911487000C90DEC /* EditProfileCell.swift */ = {isa = PBXFileReference; lastKnownFileType = sourcecode.swift; path = EditProfileCell.swift; sourceTree = "<group>"; };
		634FB5812ABF16F100BBCBA3 /* NSAttributedString.swift */ = {isa = PBXFileReference; lastKnownFileType = sourcecode.swift; path = NSAttributedString.swift; sourceTree = "<group>"; };
		634FB5842ABF23F000BBCBA3 /* InputTextFieldView.swift */ = {isa = PBXFileReference; lastKnownFileType = sourcecode.swift; path = InputTextFieldView.swift; sourceTree = "<group>"; };
		634FB5862AC05A8900BBCBA3 /* UIAlertController.swift */ = {isa = PBXFileReference; lastKnownFileType = sourcecode.swift; path = UIAlertController.swift; sourceTree = "<group>"; };
		635249EB2C5F5949001C6649 /* BaseView.swift */ = {isa = PBXFileReference; lastKnownFileType = sourcecode.swift; path = BaseView.swift; sourceTree = "<group>"; };
		635249ED2C5F59F5001C6649 /* BaseCell.swift */ = {isa = PBXFileReference; lastKnownFileType = sourcecode.swift; path = BaseCell.swift; sourceTree = "<group>"; };
		635249F12C5F5AD1001C6649 /* UICollectionView+.swift */ = {isa = PBXFileReference; lastKnownFileType = sourcecode.swift; path = "UICollectionView+.swift"; sourceTree = "<group>"; };
		635249F32C5F5AE3001C6649 /* UICollectionViewCell.swift */ = {isa = PBXFileReference; lastKnownFileType = sourcecode.swift; path = UICollectionViewCell.swift; sourceTree = "<group>"; };
		635249F52C5F5AFE001C6649 /* Reusable.swift */ = {isa = PBXFileReference; lastKnownFileType = sourcecode.swift; path = Reusable.swift; sourceTree = "<group>"; };
		635249F72C5F5B23001C6649 /* UITableView+.swift */ = {isa = PBXFileReference; lastKnownFileType = sourcecode.swift; path = "UITableView+.swift"; sourceTree = "<group>"; };
		635249F92C5F5B39001C6649 /* UITableViewCell.swift */ = {isa = PBXFileReference; lastKnownFileType = sourcecode.swift; path = UITableViewCell.swift; sourceTree = "<group>"; };
		635249FB2C5F92D3001C6649 /* UIButton.swift */ = {isa = PBXFileReference; lastKnownFileType = sourcecode.swift; path = UIButton.swift; sourceTree = "<group>"; };
		635249FD2C62F08F001C6649 /* String.swift */ = {isa = PBXFileReference; lastKnownFileType = sourcecode.swift; path = String.swift; sourceTree = "<group>"; };
		638BAE052C5E129E003CA3F2 /* BaseViewController.swift */ = {isa = PBXFileReference; lastKnownFileType = sourcecode.swift; path = BaseViewController.swift; sourceTree = "<group>"; };
		6393D2842C562A5F00532D95 /* GoogleService-Info.plist */ = {isa = PBXFileReference; fileEncoding = 4; lastKnownFileType = text.plist.xml; path = "GoogleService-Info.plist"; sourceTree = SOURCE_ROOT; };
		6393D2CA2C590FE500532D95 /* NetworkManager.swift */ = {isa = PBXFileReference; lastKnownFileType = sourcecode.swift; path = NetworkManager.swift; sourceTree = "<group>"; };
		6393D2CC2C5911AA00532D95 /* UserDefaults.swift */ = {isa = PBXFileReference; lastKnownFileType = sourcecode.swift; path = UserDefaults.swift; sourceTree = "<group>"; };
		6393D2CE2C59170D00532D95 /* User.swift */ = {isa = PBXFileReference; lastKnownFileType = sourcecode.swift; path = User.swift; sourceTree = "<group>"; };
		639EA1FD28EFF85000564ED9 /* Constants.swift */ = {isa = PBXFileReference; lastKnownFileType = sourcecode.swift; path = Constants.swift; sourceTree = "<group>"; };
		639EA1FF28F003E300564ED9 /* AuthService.swift */ = {isa = PBXFileReference; lastKnownFileType = sourcecode.swift; path = AuthService.swift; sourceTree = "<group>"; };
		639EA20128F068D500564ED9 /* UserService.swift */ = {isa = PBXFileReference; lastKnownFileType = sourcecode.swift; path = UserService.swift; sourceTree = "<group>"; };
		639EA20328F06D9A00564ED9 /* UserInfo.swift */ = {isa = PBXFileReference; lastKnownFileType = sourcecode.swift; path = UserInfo.swift; sourceTree = "<group>"; };
		639EA20528F310F800564ED9 /* UpLoadTweetController.swift */ = {isa = PBXFileReference; lastKnownFileType = sourcecode.swift; path = UpLoadTweetController.swift; sourceTree = "<group>"; };
		639EA20728F318FC00564ED9 /* InputTextView.swift */ = {isa = PBXFileReference; lastKnownFileType = sourcecode.swift; path = InputTextView.swift; sourceTree = "<group>"; };
		639EA20928F31E6700564ED9 /* TweetService.swift */ = {isa = PBXFileReference; lastKnownFileType = sourcecode.swift; path = TweetService.swift; sourceTree = "<group>"; };
		639EA20B28F5320E00564ED9 /* Tweet.swift */ = {isa = PBXFileReference; lastKnownFileType = sourcecode.swift; path = Tweet.swift; sourceTree = "<group>"; };
		639EA20D28F5390900564ED9 /* TweetCell.swift */ = {isa = PBXFileReference; lastKnownFileType = sourcecode.swift; path = TweetCell.swift; sourceTree = "<group>"; };
		639EA20F28F54B1B00564ED9 /* TweetViewModel.swift */ = {isa = PBXFileReference; lastKnownFileType = sourcecode.swift; path = TweetViewModel.swift; sourceTree = "<group>"; };
		639EA21128F5720200564ED9 /* ProfileController.swift */ = {isa = PBXFileReference; lastKnownFileType = sourcecode.swift; path = ProfileController.swift; sourceTree = "<group>"; };
		639EA21328F5A38400564ED9 /* ProfileHeader.swift */ = {isa = PBXFileReference; lastKnownFileType = sourcecode.swift; path = ProfileHeader.swift; sourceTree = "<group>"; };
		639EA21528F64EE600564ED9 /* ProfileFillterView.swift */ = {isa = PBXFileReference; lastKnownFileType = sourcecode.swift; path = ProfileFillterView.swift; sourceTree = "<group>"; };
		639EA21728F6513B00564ED9 /* ProfileFilterCell.swift */ = {isa = PBXFileReference; lastKnownFileType = sourcecode.swift; path = ProfileFilterCell.swift; sourceTree = "<group>"; };
		639EA21928F65A6A00564ED9 /* ProfileHeaderViewModel.swift */ = {isa = PBXFileReference; lastKnownFileType = sourcecode.swift; path = ProfileHeaderViewModel.swift; sourceTree = "<group>"; };
		639EA21B28F6919900564ED9 /* UserCell.swift */ = {isa = PBXFileReference; lastKnownFileType = sourcecode.swift; path = UserCell.swift; sourceTree = "<group>"; };
		63C5ADF62914139C0061132B /* EditProfileFooter.swift */ = {isa = PBXFileReference; lastKnownFileType = sourcecode.swift; path = EditProfileFooter.swift; sourceTree = "<group>"; };
		63C5ADFA2916AC8C0061132B /* RegisterViewModel.swift */ = {isa = PBXFileReference; lastKnownFileType = sourcecode.swift; path = RegisterViewModel.swift; sourceTree = "<group>"; };
		63D0BA6928FC4313009F369A /* .swiftlint.yml */ = {isa = PBXFileReference; lastKnownFileType = text.yaml; path = .swiftlint.yml; sourceTree = "<group>"; };
		63D0BA6B29003714009F369A /* TweetController.swift */ = {isa = PBXFileReference; lastKnownFileType = sourcecode.swift; path = TweetController.swift; sourceTree = "<group>"; };
		63D0BA6D29003A6D009F369A /* TweetHeader.swift */ = {isa = PBXFileReference; lastKnownFileType = sourcecode.swift; path = TweetHeader.swift; sourceTree = "<group>"; };
		63D0BA7129058B5D009F369A /* ActionSheetLauncher.swift */ = {isa = PBXFileReference; lastKnownFileType = sourcecode.swift; path = ActionSheetLauncher.swift; sourceTree = "<group>"; };
		63D0BA732905935E009F369A /* ActionSheetCell.swift */ = {isa = PBXFileReference; lastKnownFileType = sourcecode.swift; path = ActionSheetCell.swift; sourceTree = "<group>"; };
		63D0BA75290598E2009F369A /* ActionSheetViewModel.swift */ = {isa = PBXFileReference; lastKnownFileType = sourcecode.swift; path = ActionSheetViewModel.swift; sourceTree = "<group>"; };
		63D0BA77290685B6009F369A /* Notification.swift */ = {isa = PBXFileReference; lastKnownFileType = sourcecode.swift; path = Notification.swift; sourceTree = "<group>"; };
		63D0BA792906B002009F369A /* NotificationService.swift */ = {isa = PBXFileReference; lastKnownFileType = sourcecode.swift; path = NotificationService.swift; sourceTree = "<group>"; };
		63D0BA7B2906C632009F369A /* NotificationCell.swift */ = {isa = PBXFileReference; lastKnownFileType = sourcecode.swift; path = NotificationCell.swift; sourceTree = "<group>"; };
		63D0BA7D29096372009F369A /* NotificationViewModel.swift */ = {isa = PBXFileReference; lastKnownFileType = sourcecode.swift; path = NotificationViewModel.swift; sourceTree = "<group>"; };
/* End PBXFileReference section */

/* Begin PBXFrameworksBuildPhase section */
		27EF661C28EC269000C1E570 /* Frameworks */ = {
			isa = PBXFrameworksBuildPhase;
			buildActionMask = 2147483647;
			files = (
				6393D2B22C562CF100532D95 /* FirebaseInAppMessagingSwift-Beta in Frameworks */,
				6393D2A22C562CF100532D95 /* FirebaseDatabaseSwift in Frameworks */,
				6393D2C72C562E2600532D95 /* SDWebImage in Frameworks */,
				6393D2A02C562CF100532D95 /* FirebaseDatabase in Frameworks */,
				6393D2B62C562CF100532D95 /* FirebaseMLModelDownloader in Frameworks */,
				6393D2962C562CF100532D95 /* FirebaseAppCheck in Frameworks */,
				6393D2AE2C562CF100532D95 /* FirebaseFunctionsCombine-Community in Frameworks */,
				6393D2C92C562E2600532D95 /* SDWebImageMapKit in Frameworks */,
				6393D2B42C562CF100532D95 /* FirebaseInstallations in Frameworks */,
				6393D2B82C562CF100532D95 /* FirebaseMessaging in Frameworks */,
				6393D29A2C562CF100532D95 /* FirebaseAuth in Frameworks */,
				6393D2BC2C562CF100532D95 /* FirebaseRemoteConfig in Frameworks */,
				6393D2922C562CF100532D95 /* FirebaseAnalyticsSwift in Frameworks */,
				6393D2C02C562CF100532D95 /* FirebaseStorage in Frameworks */,
				6393D2BA2C562CF100532D95 /* FirebasePerformance in Frameworks */,
				6393D2A62C562CF100532D95 /* FirebaseFirestore in Frameworks */,
				6393D2C42C562CF100532D95 /* FirebaseVertexAI-Preview in Frameworks */,
				634FB56F2ABB021C00BBCBA3 /* BuilderKit in Frameworks */,
				6393D2B02C562CF100532D95 /* FirebaseInAppMessaging-Beta in Frameworks */,
				6393D2882C562BD200532D95 /* SnapKit in Frameworks */,
				6393D2902C562CF100532D95 /* FirebaseAnalyticsOnDeviceConversion in Frameworks */,
				6393D2BE2C562CF100532D95 /* FirebaseRemoteConfigSwift in Frameworks */,
				6393D29C2C562CF100532D95 /* FirebaseAuthCombine-Community in Frameworks */,
				6393D2AC2C562CF100532D95 /* FirebaseFunctions in Frameworks */,
				6393D2942C562CF100532D95 /* FirebaseAnalyticsWithoutAdIdSupport in Frameworks */,
				6393D2C22C562CF100532D95 /* FirebaseStorageCombine-Community in Frameworks */,
				6393D2A82C562CF100532D95 /* FirebaseFirestoreCombine-Community in Frameworks */,
				6393D28E2C562CF100532D95 /* FirebaseAnalytics in Frameworks */,
				6393D29E2C562CF100532D95 /* FirebaseCrashlytics in Frameworks */,
				6393D2982C562CF100532D95 /* FirebaseAppDistribution-Beta in Frameworks */,
				6393D2A42C562CF100532D95 /* FirebaseDynamicLinks in Frameworks */,
				6393D2AA2C562CF100532D95 /* FirebaseFirestoreSwift in Frameworks */,
			);
			runOnlyForDeploymentPostprocessing = 0;
		};
/* End PBXFrameworksBuildPhase section */

/* Begin PBXGroup section */
		27EF661628EC269000C1E570 = {
			isa = PBXGroup;
			children = (
				63D0BA6928FC4313009F369A /* .swiftlint.yml */,
				27EF662128EC269000C1E570 /* TwitterPractice */,
				27EF662028EC269000C1E570 /* Products */,
			);
			sourceTree = "<group>";
		};
		27EF662028EC269000C1E570 /* Products */ = {
			isa = PBXGroup;
			children = (
				27EF661F28EC269000C1E570 /* TwitterPractice.app */,
			);
			name = Products;
			sourceTree = "<group>";
		};
		27EF662128EC269000C1E570 /* TwitterPractice */ = {
			isa = PBXGroup;
			children = (
				27EF662228EC269000C1E570 /* AppDelegate.swift */,
				27EF662428EC269000C1E570 /* SceneDelegate.swift */,
				639EA1FB28EFF7F100564ED9 /* Model */,
				639EA1F928EFF7E300564ED9 /* View */,
				639EA1FA28EFF7E800564ED9 /* ViewModel */,
				27F2E71B28EC280F00CFE9F2 /* ViewController */,
				27F2E71D28EC282300CFE9F2 /* Utils */,
				639EA1FC28EFF7FC00564ED9 /* API */,
				635249EA2C5F5930001C6649 /* DesignSystem */,
				27EF662B28EC269200C1E570 /* Assets.xcassets */,
				27EF662D28EC269200C1E570 /* LaunchScreen.storyboard */,
				27EF663028EC269200C1E570 /* Info.plist */,
				6393D2842C562A5F00532D95 /* GoogleService-Info.plist */,
			);
			path = TwitterPractice;
			sourceTree = "<group>";
		};
		27F2E71B28EC280F00CFE9F2 /* ViewController */ = {
			isa = PBXGroup;
			children = (
				27F2E71E28EC28C700CFE9F2 /* MainTabController.swift */,
				27F2E72A28EC454500CFE9F2 /* Authentication */,
				27F2E72028EC2A4900CFE9F2 /* FeedViewController.swift */,
				27F2E72228EC2A9800CFE9F2 /* ExploreController.swift */,
				27F2E72428EC2AD700CFE9F2 /* NotificationController.swift */,
				27F2E72628EC2AED00CFE9F2 /* ConversationsController.swift */,
				639EA20528F310F800564ED9 /* UpLoadTweetController.swift */,
				639EA21128F5720200564ED9 /* ProfileController.swift */,
				63D0BA6B29003714009F369A /* TweetController.swift */,
				63254B5429111A7E00C90DEC /* ProfileEditController.swift */,
			);
			path = ViewController;
			sourceTree = "<group>";
		};
		27F2E71D28EC282300CFE9F2 /* Utils */ = {
			isa = PBXGroup;
			children = (
				634FB5802ABF16DF00BBCBA3 /* Extension */,
				27F2E72828EC3BF000CFE9F2 /* Extension.swift */,
				27F2E72F28EC65BC00CFE9F2 /* Utilities.swift */,
				639EA1FD28EFF85000564ED9 /* Constants.swift */,
				63D0BA7129058B5D009F369A /* ActionSheetLauncher.swift */,
				635249F02C5F5ABD001C6649 /* Extensions */,
			);
			path = Utils;
			sourceTree = "<group>";
		};
		27F2E72A28EC454500CFE9F2 /* Authentication */ = {
			isa = PBXGroup;
			children = (
				27F2E72B28EC456200CFE9F2 /* LoginViewController.swift */,
				27F2E72D28EC465700CFE9F2 /* RegisterationViewController.swift */,
			);
			path = Authentication;
			sourceTree = "<group>";
		};
		63254B5629111E7600C90DEC /* Profile */ = {
			isa = PBXGroup;
			children = (
				639EA21328F5A38400564ED9 /* ProfileHeader.swift */,
				639EA21528F64EE600564ED9 /* ProfileFillterView.swift */,
				639EA21728F6513B00564ED9 /* ProfileFilterCell.swift */,
				63254B5729111E9F00C90DEC /* EditProfileHeader.swift */,
				63254B5B2911487000C90DEC /* EditProfileCell.swift */,
				63C5ADF62914139C0061132B /* EditProfileFooter.swift */,
			);
			path = Profile;
			sourceTree = "<group>";
		};
		634FB5802ABF16DF00BBCBA3 /* Extension */ = {
			isa = PBXGroup;
			children = (
				634FB5812ABF16F100BBCBA3 /* NSAttributedString.swift */,
				634FB5862AC05A8900BBCBA3 /* UIAlertController.swift */,
				6393D2CC2C5911AA00532D95 /* UserDefaults.swift */,
				635249FD2C62F08F001C6649 /* String.swift */,
			);
			path = Extension;
			sourceTree = "<group>";
		};
		635249EA2C5F5930001C6649 /* DesignSystem */ = {
			isa = PBXGroup;
			children = (
				634FB5842ABF23F000BBCBA3 /* InputTextFieldView.swift */,
				638BAE052C5E129E003CA3F2 /* BaseViewController.swift */,
				635249EB2C5F5949001C6649 /* BaseView.swift */,
				635249ED2C5F59F5001C6649 /* BaseCell.swift */,
				635249FB2C5F92D3001C6649 /* UIButton.swift */,
			);
			path = DesignSystem;
			sourceTree = "<group>";
		};
		635249F02C5F5ABD001C6649 /* Extensions */ = {
			isa = PBXGroup;
			children = (
				635249F52C5F5AFE001C6649 /* Reusable.swift */,
				635249F12C5F5AD1001C6649 /* UICollectionView+.swift */,
				635249F32C5F5AE3001C6649 /* UICollectionViewCell.swift */,
				635249F72C5F5B23001C6649 /* UITableView+.swift */,
				635249F92C5F5B39001C6649 /* UITableViewCell.swift */,
			);
			path = Extensions;
			sourceTree = "<group>";
		};
		639EA1F928EFF7E300564ED9 /* View */ = {
			isa = PBXGroup;
			children = (
				63254B5629111E7600C90DEC /* Profile */,
				639EA20728F318FC00564ED9 /* InputTextView.swift */,
				639EA20D28F5390900564ED9 /* TweetCell.swift */,
				639EA21B28F6919900564ED9 /* UserCell.swift */,
				63D0BA6D29003A6D009F369A /* TweetHeader.swift */,
				63D0BA732905935E009F369A /* ActionSheetCell.swift */,
				63D0BA7B2906C632009F369A /* NotificationCell.swift */,
			);
			path = View;
			sourceTree = "<group>";
		};
		639EA1FA28EFF7E800564ED9 /* ViewModel */ = {
			isa = PBXGroup;
			children = (
				63C5ADFC2916AEAC0061132B /* Authentication */,
				639EA20F28F54B1B00564ED9 /* TweetViewModel.swift */,
				639EA21928F65A6A00564ED9 /* ProfileHeaderViewModel.swift */,
				63D0BA75290598E2009F369A /* ActionSheetViewModel.swift */,
				63D0BA7D29096372009F369A /* NotificationViewModel.swift */,
				63254B59291147ED00C90DEC /* EditProfileViewModel.swift */,
			);
			path = ViewModel;
			sourceTree = "<group>";
		};
		639EA1FB28EFF7F100564ED9 /* Model */ = {
			isa = PBXGroup;
			children = (
				639EA20328F06D9A00564ED9 /* UserInfo.swift */,
				639EA20B28F5320E00564ED9 /* Tweet.swift */,
				63D0BA77290685B6009F369A /* Notification.swift */,
				6393D2CA2C590FE500532D95 /* NetworkManager.swift */,
				6393D2CE2C59170D00532D95 /* User.swift */,
			);
			path = Model;
			sourceTree = "<group>";
		};
		639EA1FC28EFF7FC00564ED9 /* API */ = {
			isa = PBXGroup;
			children = (
				639EA1FF28F003E300564ED9 /* AuthService.swift */,
				639EA20128F068D500564ED9 /* UserService.swift */,
				639EA20928F31E6700564ED9 /* TweetService.swift */,
				63D0BA792906B002009F369A /* NotificationService.swift */,
			);
			path = API;
			sourceTree = "<group>";
		};
		63C5ADFC2916AEAC0061132B /* Authentication */ = {
			isa = PBXGroup;
			children = (
				63C5ADFA2916AC8C0061132B /* RegisterViewModel.swift */,
			);
			path = Authentication;
			sourceTree = "<group>";
		};
/* End PBXGroup section */

/* Begin PBXNativeTarget section */
		27EF661E28EC269000C1E570 /* TwitterPractice */ = {
			isa = PBXNativeTarget;
			buildConfigurationList = 27EF663328EC269200C1E570 /* Build configuration list for PBXNativeTarget "TwitterPractice" */;
			buildPhases = (
				27EF661B28EC269000C1E570 /* Sources */,
				27EF661C28EC269000C1E570 /* Frameworks */,
				27EF661D28EC269000C1E570 /* Resources */,
				63D4C9172AA4C5FD003D71C2 /* ShellScript */,
			);
			buildRules = (
			);
			dependencies = (
			);
			name = TwitterPractice;
			packageProductDependencies = (
				634FB56E2ABB021C00BBCBA3 /* BuilderKit */,
				6393D2872C562BD200532D95 /* SnapKit */,
				6393D28D2C562CF100532D95 /* FirebaseAnalytics */,
				6393D28F2C562CF100532D95 /* FirebaseAnalyticsOnDeviceConversion */,
				6393D2912C562CF100532D95 /* FirebaseAnalyticsSwift */,
				6393D2932C562CF100532D95 /* FirebaseAnalyticsWithoutAdIdSupport */,
				6393D2952C562CF100532D95 /* FirebaseAppCheck */,
				6393D2972C562CF100532D95 /* FirebaseAppDistribution-Beta */,
				6393D2992C562CF100532D95 /* FirebaseAuth */,
				6393D29B2C562CF100532D95 /* FirebaseAuthCombine-Community */,
				6393D29D2C562CF100532D95 /* FirebaseCrashlytics */,
				6393D29F2C562CF100532D95 /* FirebaseDatabase */,
				6393D2A12C562CF100532D95 /* FirebaseDatabaseSwift */,
				6393D2A32C562CF100532D95 /* FirebaseDynamicLinks */,
				6393D2A52C562CF100532D95 /* FirebaseFirestore */,
				6393D2A72C562CF100532D95 /* FirebaseFirestoreCombine-Community */,
				6393D2A92C562CF100532D95 /* FirebaseFirestoreSwift */,
				6393D2AB2C562CF100532D95 /* FirebaseFunctions */,
				6393D2AD2C562CF100532D95 /* FirebaseFunctionsCombine-Community */,
				6393D2AF2C562CF100532D95 /* FirebaseInAppMessaging-Beta */,
				6393D2B12C562CF100532D95 /* FirebaseInAppMessagingSwift-Beta */,
				6393D2B32C562CF100532D95 /* FirebaseInstallations */,
				6393D2B52C562CF100532D95 /* FirebaseMLModelDownloader */,
				6393D2B72C562CF100532D95 /* FirebaseMessaging */,
				6393D2B92C562CF100532D95 /* FirebasePerformance */,
				6393D2BB2C562CF100532D95 /* FirebaseRemoteConfig */,
				6393D2BD2C562CF100532D95 /* FirebaseRemoteConfigSwift */,
				6393D2BF2C562CF100532D95 /* FirebaseStorage */,
				6393D2C12C562CF100532D95 /* FirebaseStorageCombine-Community */,
				6393D2C32C562CF100532D95 /* FirebaseVertexAI-Preview */,
				6393D2C62C562E2600532D95 /* SDWebImage */,
				6393D2C82C562E2600532D95 /* SDWebImageMapKit */,
			);
			productName = TwitterPractice;
			productReference = 27EF661F28EC269000C1E570 /* TwitterPractice.app */;
			productType = "com.apple.product-type.application";
		};
/* End PBXNativeTarget section */

/* Begin PBXProject section */
		27EF661728EC269000C1E570 /* Project object */ = {
			isa = PBXProject;
			attributes = {
				BuildIndependentTargetsInParallel = 1;
				LastSwiftUpdateCheck = 1400;
				LastUpgradeCheck = 1400;
				TargetAttributes = {
					27EF661E28EC269000C1E570 = {
						CreatedOnToolsVersion = 14.0.1;
					};
				};
			};
			buildConfigurationList = 27EF661A28EC269000C1E570 /* Build configuration list for PBXProject "TwitterPractice" */;
			compatibilityVersion = "Xcode 14.0";
			developmentRegion = en;
			hasScannedForEncodings = 0;
			knownRegions = (
				en,
				Base,
			);
			mainGroup = 27EF661628EC269000C1E570;
			packageReferences = (
				634FB56B2ABB008600BBCBA3 /* XCRemoteSwiftPackageReference "BuilderKit" */,
				6393D2862C562BD200532D95 /* XCRemoteSwiftPackageReference "SnapKit" */,
				6393D28C2C562CF100532D95 /* XCRemoteSwiftPackageReference "firebase-ios-sdk" */,
				6393D2C52C562E2600532D95 /* XCRemoteSwiftPackageReference "SDWebImage" */,
			);
			productRefGroup = 27EF662028EC269000C1E570 /* Products */;
			projectDirPath = "";
			projectRoot = "";
			targets = (
				27EF661E28EC269000C1E570 /* TwitterPractice */,
			);
		};
/* End PBXProject section */

/* Begin PBXResourcesBuildPhase section */
		27EF661D28EC269000C1E570 /* Resources */ = {
			isa = PBXResourcesBuildPhase;
			buildActionMask = 2147483647;
			files = (
				63D0BA6A28FC4313009F369A /* .swiftlint.yml in Resources */,
				6393D2852C562A5F00532D95 /* GoogleService-Info.plist in Resources */,
				27EF662F28EC269200C1E570 /* LaunchScreen.storyboard in Resources */,
				27EF662C28EC269200C1E570 /* Assets.xcassets in Resources */,
			);
			runOnlyForDeploymentPostprocessing = 0;
		};
/* End PBXResourcesBuildPhase section */

/* Begin PBXShellScriptBuildPhase section */
		63D4C9172AA4C5FD003D71C2 /* ShellScript */ = {
			isa = PBXShellScriptBuildPhase;
			alwaysOutOfDate = 1;
			buildActionMask = 2147483647;
			files = (
			);
			inputFileListPaths = (
			);
			inputPaths = (
			);
			outputFileListPaths = (
			);
			outputPaths = (
			);
			runOnlyForDeploymentPostprocessing = 0;
			shellPath = /bin/sh;
			shellScript = "export PATH=\"$PATH:/opt/homebrew/bin\"\nif which swiftlint > /dev/null; then\n  swiftlint\nelse\n  echo \"warning: SwiftLint not installed, download from https://github.com/realm/SwiftLint\"\nfi\n";
		};
/* End PBXShellScriptBuildPhase section */

/* Begin PBXSourcesBuildPhase section */
		27EF661B28EC269000C1E570 /* Sources */ = {
			isa = PBXSourcesBuildPhase;
			buildActionMask = 2147483647;
			files = (
				635249FE2C62F08F001C6649 /* String.swift in Sources */,
				639EA20228F068D500564ED9 /* UserService.swift in Sources */,
				27F2E72C28EC456200CFE9F2 /* LoginViewController.swift in Sources */,
				639EA20828F318FC00564ED9 /* InputTextView.swift in Sources */,
				635249EC2C5F5949001C6649 /* BaseView.swift in Sources */,
				639EA21828F6513B00564ED9 /* ProfileFilterCell.swift in Sources */,
				27F2E72528EC2AD700CFE9F2 /* NotificationController.swift in Sources */,
				6393D2CD2C5911AA00532D95 /* UserDefaults.swift in Sources */,
				639EA21C28F6919900564ED9 /* UserCell.swift in Sources */,
				27F2E73028EC65BC00CFE9F2 /* Utilities.swift in Sources */,
				63254B5529111A7E00C90DEC /* ProfileEditController.swift in Sources */,
				63D0BA742905935E009F369A /* ActionSheetCell.swift in Sources */,
				27F2E72728EC2AED00CFE9F2 /* ConversationsController.swift in Sources */,
				63D0BA7E29096372009F369A /* NotificationViewModel.swift in Sources */,
				635249F82C5F5B23001C6649 /* UITableView+.swift in Sources */,
				27EF662328EC269000C1E570 /* AppDelegate.swift in Sources */,
				63D0BA6C29003714009F369A /* TweetController.swift in Sources */,
				639EA21228F5720200564ED9 /* ProfileController.swift in Sources */,
				635249FC2C5F92D3001C6649 /* UIButton.swift in Sources */,
				63C5ADFB2916AC8C0061132B /* RegisterViewModel.swift in Sources */,
				639EA21428F5A38400564ED9 /* ProfileHeader.swift in Sources */,
				635249F22C5F5AD1001C6649 /* UICollectionView+.swift in Sources */,
				63254B5C2911487000C90DEC /* EditProfileCell.swift in Sources */,
				63254B5A291147ED00C90DEC /* EditProfileViewModel.swift in Sources */,
				639EA20E28F5390900564ED9 /* TweetCell.swift in Sources */,
				635249FA2C5F5B39001C6649 /* UITableViewCell.swift in Sources */,
				27F2E72E28EC465700CFE9F2 /* RegisterationViewController.swift in Sources */,
				63D0BA78290685B6009F369A /* Notification.swift in Sources */,
				639EA20028F003E300564ED9 /* AuthService.swift in Sources */,
				639EA21A28F65A6A00564ED9 /* ProfileHeaderViewModel.swift in Sources */,
				639EA20628F310F800564ED9 /* UpLoadTweetController.swift in Sources */,
				639EA20428F06D9A00564ED9 /* UserInfo.swift in Sources */,
				634FB5872AC05A8900BBCBA3 /* UIAlertController.swift in Sources */,
				63254B5829111E9F00C90DEC /* EditProfileHeader.swift in Sources */,
				27F2E72328EC2A9800CFE9F2 /* ExploreController.swift in Sources */,
				27EF662528EC269000C1E570 /* SceneDelegate.swift in Sources */,
				634FB5822ABF16F100BBCBA3 /* NSAttributedString.swift in Sources */,
				635249F62C5F5AFE001C6649 /* Reusable.swift in Sources */,
				63D0BA7A2906B002009F369A /* NotificationService.swift in Sources */,
				27F2E71F28EC28C700CFE9F2 /* MainTabController.swift in Sources */,
				634FB5852ABF23F000BBCBA3 /* InputTextFieldView.swift in Sources */,
				63D0BA6E29003A6D009F369A /* TweetHeader.swift in Sources */,
				639EA21028F54B1B00564ED9 /* TweetViewModel.swift in Sources */,
				63D0BA76290598E2009F369A /* ActionSheetViewModel.swift in Sources */,
				6393D2CB2C590FE500532D95 /* NetworkManager.swift in Sources */,
				6393D2CF2C59170D00532D95 /* User.swift in Sources */,
				638BAE062C5E129E003CA3F2 /* BaseViewController.swift in Sources */,
				63D0BA7C2906C632009F369A /* NotificationCell.swift in Sources */,
				63C5ADF72914139C0061132B /* EditProfileFooter.swift in Sources */,
				635249EE2C5F59F5001C6649 /* BaseCell.swift in Sources */,
				27F2E72128EC2A4900CFE9F2 /* FeedViewController.swift in Sources */,
				27F2E72928EC3BF000CFE9F2 /* Extension.swift in Sources */,
				639EA1FE28EFF85000564ED9 /* Constants.swift in Sources */,
				639EA20C28F5320E00564ED9 /* Tweet.swift in Sources */,
				635249F42C5F5AE3001C6649 /* UICollectionViewCell.swift in Sources */,
				63D0BA7229058B5D009F369A /* ActionSheetLauncher.swift in Sources */,
				639EA20A28F31E6700564ED9 /* TweetService.swift in Sources */,
				639EA21628F64EE600564ED9 /* ProfileFillterView.swift in Sources */,
			);
			runOnlyForDeploymentPostprocessing = 0;
		};
/* End PBXSourcesBuildPhase section */

/* Begin PBXVariantGroup section */
		27EF662D28EC269200C1E570 /* LaunchScreen.storyboard */ = {
			isa = PBXVariantGroup;
			children = (
				27EF662E28EC269200C1E570 /* Base */,
			);
			name = LaunchScreen.storyboard;
			sourceTree = "<group>";
		};
/* End PBXVariantGroup section */

/* Begin XCBuildConfiguration section */
		27EF663128EC269200C1E570 /* Debug */ = {
			isa = XCBuildConfiguration;
			buildSettings = {
				ALWAYS_SEARCH_USER_PATHS = NO;
				CLANG_ANALYZER_NONNULL = YES;
				CLANG_ANALYZER_NUMBER_OBJECT_CONVERSION = YES_AGGRESSIVE;
				CLANG_CXX_LANGUAGE_STANDARD = "gnu++20";
				CLANG_ENABLE_MODULES = YES;
				CLANG_ENABLE_OBJC_ARC = YES;
				CLANG_ENABLE_OBJC_WEAK = YES;
				CLANG_WARN_BLOCK_CAPTURE_AUTORELEASING = YES;
				CLANG_WARN_BOOL_CONVERSION = YES;
				CLANG_WARN_COMMA = YES;
				CLANG_WARN_CONSTANT_CONVERSION = YES;
				CLANG_WARN_DEPRECATED_OBJC_IMPLEMENTATIONS = YES;
				CLANG_WARN_DIRECT_OBJC_ISA_USAGE = YES_ERROR;
				CLANG_WARN_DOCUMENTATION_COMMENTS = YES;
				CLANG_WARN_EMPTY_BODY = YES;
				CLANG_WARN_ENUM_CONVERSION = YES;
				CLANG_WARN_INFINITE_RECURSION = YES;
				CLANG_WARN_INT_CONVERSION = YES;
				CLANG_WARN_NON_LITERAL_NULL_CONVERSION = YES;
				CLANG_WARN_OBJC_IMPLICIT_RETAIN_SELF = YES;
				CLANG_WARN_OBJC_LITERAL_CONVERSION = YES;
				CLANG_WARN_OBJC_ROOT_CLASS = YES_ERROR;
				CLANG_WARN_QUOTED_INCLUDE_IN_FRAMEWORK_HEADER = YES;
				CLANG_WARN_RANGE_LOOP_ANALYSIS = YES;
				CLANG_WARN_STRICT_PROTOTYPES = YES;
				CLANG_WARN_SUSPICIOUS_MOVE = YES;
				CLANG_WARN_UNGUARDED_AVAILABILITY = YES_AGGRESSIVE;
				CLANG_WARN_UNREACHABLE_CODE = YES;
				CLANG_WARN__DUPLICATE_METHOD_MATCH = YES;
				COPY_PHASE_STRIP = NO;
				DEBUG_INFORMATION_FORMAT = dwarf;
				ENABLE_STRICT_OBJC_MSGSEND = YES;
				ENABLE_TESTABILITY = YES;
				GCC_C_LANGUAGE_STANDARD = gnu11;
				GCC_DYNAMIC_NO_PIC = NO;
				GCC_NO_COMMON_BLOCKS = YES;
				GCC_OPTIMIZATION_LEVEL = 0;
				GCC_PREPROCESSOR_DEFINITIONS = (
					"DEBUG=1",
					"$(inherited)",
				);
				GCC_WARN_64_TO_32_BIT_CONVERSION = YES;
				GCC_WARN_ABOUT_RETURN_TYPE = YES_ERROR;
				GCC_WARN_UNDECLARED_SELECTOR = YES;
				GCC_WARN_UNINITIALIZED_AUTOS = YES_AGGRESSIVE;
				GCC_WARN_UNUSED_FUNCTION = YES;
				GCC_WARN_UNUSED_VARIABLE = YES;
				IPHONEOS_DEPLOYMENT_TARGET = 16.0;
				MTL_ENABLE_DEBUG_INFO = INCLUDE_SOURCE;
				MTL_FAST_MATH = YES;
				ONLY_ACTIVE_ARCH = YES;
				SDKROOT = iphoneos;
				SWIFT_ACTIVE_COMPILATION_CONDITIONS = DEBUG;
				SWIFT_OPTIMIZATION_LEVEL = "-Onone";
			};
			name = Debug;
		};
		27EF663228EC269200C1E570 /* Release */ = {
			isa = XCBuildConfiguration;
			buildSettings = {
				ALWAYS_SEARCH_USER_PATHS = NO;
				CLANG_ANALYZER_NONNULL = YES;
				CLANG_ANALYZER_NUMBER_OBJECT_CONVERSION = YES_AGGRESSIVE;
				CLANG_CXX_LANGUAGE_STANDARD = "gnu++20";
				CLANG_ENABLE_MODULES = YES;
				CLANG_ENABLE_OBJC_ARC = YES;
				CLANG_ENABLE_OBJC_WEAK = YES;
				CLANG_WARN_BLOCK_CAPTURE_AUTORELEASING = YES;
				CLANG_WARN_BOOL_CONVERSION = YES;
				CLANG_WARN_COMMA = YES;
				CLANG_WARN_CONSTANT_CONVERSION = YES;
				CLANG_WARN_DEPRECATED_OBJC_IMPLEMENTATIONS = YES;
				CLANG_WARN_DIRECT_OBJC_ISA_USAGE = YES_ERROR;
				CLANG_WARN_DOCUMENTATION_COMMENTS = YES;
				CLANG_WARN_EMPTY_BODY = YES;
				CLANG_WARN_ENUM_CONVERSION = YES;
				CLANG_WARN_INFINITE_RECURSION = YES;
				CLANG_WARN_INT_CONVERSION = YES;
				CLANG_WARN_NON_LITERAL_NULL_CONVERSION = YES;
				CLANG_WARN_OBJC_IMPLICIT_RETAIN_SELF = YES;
				CLANG_WARN_OBJC_LITERAL_CONVERSION = YES;
				CLANG_WARN_OBJC_ROOT_CLASS = YES_ERROR;
				CLANG_WARN_QUOTED_INCLUDE_IN_FRAMEWORK_HEADER = YES;
				CLANG_WARN_RANGE_LOOP_ANALYSIS = YES;
				CLANG_WARN_STRICT_PROTOTYPES = YES;
				CLANG_WARN_SUSPICIOUS_MOVE = YES;
				CLANG_WARN_UNGUARDED_AVAILABILITY = YES_AGGRESSIVE;
				CLANG_WARN_UNREACHABLE_CODE = YES;
				CLANG_WARN__DUPLICATE_METHOD_MATCH = YES;
				COPY_PHASE_STRIP = NO;
				DEBUG_INFORMATION_FORMAT = "dwarf-with-dsym";
				ENABLE_NS_ASSERTIONS = NO;
				ENABLE_STRICT_OBJC_MSGSEND = YES;
				GCC_C_LANGUAGE_STANDARD = gnu11;
				GCC_NO_COMMON_BLOCKS = YES;
				GCC_WARN_64_TO_32_BIT_CONVERSION = YES;
				GCC_WARN_ABOUT_RETURN_TYPE = YES_ERROR;
				GCC_WARN_UNDECLARED_SELECTOR = YES;
				GCC_WARN_UNINITIALIZED_AUTOS = YES_AGGRESSIVE;
				GCC_WARN_UNUSED_FUNCTION = YES;
				GCC_WARN_UNUSED_VARIABLE = YES;
				IPHONEOS_DEPLOYMENT_TARGET = 16.0;
				MTL_ENABLE_DEBUG_INFO = NO;
				MTL_FAST_MATH = YES;
				SDKROOT = iphoneos;
				SWIFT_COMPILATION_MODE = wholemodule;
				SWIFT_OPTIMIZATION_LEVEL = "-O";
				VALIDATE_PRODUCT = YES;
			};
			name = Release;
		};
		27EF663428EC269200C1E570 /* Debug */ = {
			isa = XCBuildConfiguration;
			buildSettings = {
				ASSETCATALOG_COMPILER_APPICON_NAME = AppIcon;
				ASSETCATALOG_COMPILER_GLOBAL_ACCENT_COLOR_NAME = AccentColor;
				CODE_SIGN_STYLE = Automatic;
				CURRENT_PROJECT_VERSION = 1;
				DEVELOPMENT_TEAM = BGU99JP2HN;
				GENERATE_INFOPLIST_FILE = YES;
				INFOPLIST_FILE = TwitterPractice/Info.plist;
				INFOPLIST_KEY_UIApplicationSupportsIndirectInputEvents = YES;
				INFOPLIST_KEY_UILaunchStoryboardName = LaunchScreen;
				INFOPLIST_KEY_UISupportedInterfaceOrientations = UIInterfaceOrientationPortrait;
				IPHONEOS_DEPLOYMENT_TARGET = 17.0;
				LD_RUNPATH_SEARCH_PATHS = (
					"$(inherited)",
					"@executable_path/Frameworks",
				);
				MARKETING_VERSION = 1.0;
				PRODUCT_BUNDLE_IDENTIFIER = Kyle.TwitterPractice;
				PRODUCT_NAME = "$(TARGET_NAME)";
				SUPPORTED_PLATFORMS = "iphoneos iphonesimulator";
				SUPPORTS_MACCATALYST = NO;
				SUPPORTS_MAC_DESIGNED_FOR_IPHONE_IPAD = NO;
				SWIFT_EMIT_LOC_STRINGS = YES;
				SWIFT_VERSION = 5.0;
				TARGETED_DEVICE_FAMILY = 1;
			};
			name = Debug;
		};
		27EF663528EC269200C1E570 /* Release */ = {
			isa = XCBuildConfiguration;
			buildSettings = {
				ASSETCATALOG_COMPILER_APPICON_NAME = AppIcon;
				ASSETCATALOG_COMPILER_GLOBAL_ACCENT_COLOR_NAME = AccentColor;
				CODE_SIGN_STYLE = Automatic;
				CURRENT_PROJECT_VERSION = 1;
				DEVELOPMENT_TEAM = BGU99JP2HN;
				GENERATE_INFOPLIST_FILE = YES;
				INFOPLIST_FILE = TwitterPractice/Info.plist;
				INFOPLIST_KEY_UIApplicationSupportsIndirectInputEvents = YES;
				INFOPLIST_KEY_UILaunchStoryboardName = LaunchScreen;
				INFOPLIST_KEY_UISupportedInterfaceOrientations = UIInterfaceOrientationPortrait;
				IPHONEOS_DEPLOYMENT_TARGET = 17.0;
				LD_RUNPATH_SEARCH_PATHS = (
					"$(inherited)",
					"@executable_path/Frameworks",
				);
				MARKETING_VERSION = 1.0;
				PRODUCT_BUNDLE_IDENTIFIER = Kyle.TwitterPractice;
				PRODUCT_NAME = "$(TARGET_NAME)";
				SUPPORTED_PLATFORMS = "iphoneos iphonesimulator";
				SUPPORTS_MACCATALYST = NO;
				SUPPORTS_MAC_DESIGNED_FOR_IPHONE_IPAD = NO;
				SWIFT_EMIT_LOC_STRINGS = YES;
				SWIFT_VERSION = 5.0;
				TARGETED_DEVICE_FAMILY = 1;
			};
			name = Release;
		};
/* End XCBuildConfiguration section */

/* Begin XCConfigurationList section */
		27EF661A28EC269000C1E570 /* Build configuration list for PBXProject "TwitterPractice" */ = {
			isa = XCConfigurationList;
			buildConfigurations = (
				27EF663128EC269200C1E570 /* Debug */,
				27EF663228EC269200C1E570 /* Release */,
			);
			defaultConfigurationIsVisible = 0;
			defaultConfigurationName = Release;
		};
		27EF663328EC269200C1E570 /* Build configuration list for PBXNativeTarget "TwitterPractice" */ = {
			isa = XCConfigurationList;
			buildConfigurations = (
				27EF663428EC269200C1E570 /* Debug */,
				27EF663528EC269200C1E570 /* Release */,
			);
			defaultConfigurationIsVisible = 0;
			defaultConfigurationName = Release;
		};
/* End XCConfigurationList section */

/* Begin XCRemoteSwiftPackageReference section */
		634FB56B2ABB008600BBCBA3 /* XCRemoteSwiftPackageReference "BuilderKit" */ = {
			isa = XCRemoteSwiftPackageReference;
			repositoryURL = "https://github.com/KangChangHyeok/BuilderKit.git";
			requirement = {
				branch = main;
				kind = branch;
			};
		};
		6393D2862C562BD200532D95 /* XCRemoteSwiftPackageReference "SnapKit" */ = {
			isa = XCRemoteSwiftPackageReference;
			repositoryURL = "https://github.com/SnapKit/SnapKit.git";
			requirement = {
				kind = upToNextMajorVersion;
				minimumVersion = 5.0.1;
			};
		};
		6393D28C2C562CF100532D95 /* XCRemoteSwiftPackageReference "firebase-ios-sdk" */ = {
			isa = XCRemoteSwiftPackageReference;
			repositoryURL = "https://github.com/firebase/firebase-ios-sdk";
			requirement = {
				kind = upToNextMajorVersion;
				minimumVersion = 10.29.0;
			};
		};
		6393D2C52C562E2600532D95 /* XCRemoteSwiftPackageReference "SDWebImage" */ = {
			isa = XCRemoteSwiftPackageReference;
			repositoryURL = "https://github.com/SDWebImage/SDWebImage.git";
			requirement = {
				kind = upToNextMajorVersion;
				minimumVersion = 5.1.0;
			};
		};
/* End XCRemoteSwiftPackageReference section */

/* Begin XCSwiftPackageProductDependency section */
		634FB56E2ABB021C00BBCBA3 /* BuilderKit */ = {
			isa = XCSwiftPackageProductDependency;
			package = 634FB56B2ABB008600BBCBA3 /* XCRemoteSwiftPackageReference "BuilderKit" */;
			productName = BuilderKit;
		};
		6393D2872C562BD200532D95 /* SnapKit */ = {
			isa = XCSwiftPackageProductDependency;
			package = 6393D2862C562BD200532D95 /* XCRemoteSwiftPackageReference "SnapKit" */;
			productName = SnapKit;
		};
		6393D28D2C562CF100532D95 /* FirebaseAnalytics */ = {
			isa = XCSwiftPackageProductDependency;
			package = 6393D28C2C562CF100532D95 /* XCRemoteSwiftPackageReference "firebase-ios-sdk" */;
			productName = FirebaseAnalytics;
		};
		6393D28F2C562CF100532D95 /* FirebaseAnalyticsOnDeviceConversion */ = {
			isa = XCSwiftPackageProductDependency;
			package = 6393D28C2C562CF100532D95 /* XCRemoteSwiftPackageReference "firebase-ios-sdk" */;
			productName = FirebaseAnalyticsOnDeviceConversion;
		};
		6393D2912C562CF100532D95 /* FirebaseAnalyticsSwift */ = {
			isa = XCSwiftPackageProductDependency;
			package = 6393D28C2C562CF100532D95 /* XCRemoteSwiftPackageReference "firebase-ios-sdk" */;
			productName = FirebaseAnalyticsSwift;
		};
		6393D2932C562CF100532D95 /* FirebaseAnalyticsWithoutAdIdSupport */ = {
			isa = XCSwiftPackageProductDependency;
			package = 6393D28C2C562CF100532D95 /* XCRemoteSwiftPackageReference "firebase-ios-sdk" */;
			productName = FirebaseAnalyticsWithoutAdIdSupport;
		};
		6393D2952C562CF100532D95 /* FirebaseAppCheck */ = {
			isa = XCSwiftPackageProductDependency;
			package = 6393D28C2C562CF100532D95 /* XCRemoteSwiftPackageReference "firebase-ios-sdk" */;
			productName = FirebaseAppCheck;
		};
		6393D2972C562CF100532D95 /* FirebaseAppDistribution-Beta */ = {
			isa = XCSwiftPackageProductDependency;
			package = 6393D28C2C562CF100532D95 /* XCRemoteSwiftPackageReference "firebase-ios-sdk" */;
			productName = "FirebaseAppDistribution-Beta";
		};
		6393D2992C562CF100532D95 /* FirebaseAuth */ = {
			isa = XCSwiftPackageProductDependency;
			package = 6393D28C2C562CF100532D95 /* XCRemoteSwiftPackageReference "firebase-ios-sdk" */;
			productName = FirebaseAuth;
		};
		6393D29B2C562CF100532D95 /* FirebaseAuthCombine-Community */ = {
			isa = XCSwiftPackageProductDependency;
			package = 6393D28C2C562CF100532D95 /* XCRemoteSwiftPackageReference "firebase-ios-sdk" */;
			productName = "FirebaseAuthCombine-Community";
		};
		6393D29D2C562CF100532D95 /* FirebaseCrashlytics */ = {
			isa = XCSwiftPackageProductDependency;
			package = 6393D28C2C562CF100532D95 /* XCRemoteSwiftPackageReference "firebase-ios-sdk" */;
			productName = FirebaseCrashlytics;
		};
		6393D29F2C562CF100532D95 /* FirebaseDatabase */ = {
			isa = XCSwiftPackageProductDependency;
			package = 6393D28C2C562CF100532D95 /* XCRemoteSwiftPackageReference "firebase-ios-sdk" */;
			productName = FirebaseDatabase;
		};
		6393D2A12C562CF100532D95 /* FirebaseDatabaseSwift */ = {
			isa = XCSwiftPackageProductDependency;
			package = 6393D28C2C562CF100532D95 /* XCRemoteSwiftPackageReference "firebase-ios-sdk" */;
			productName = FirebaseDatabaseSwift;
		};
		6393D2A32C562CF100532D95 /* FirebaseDynamicLinks */ = {
			isa = XCSwiftPackageProductDependency;
			package = 6393D28C2C562CF100532D95 /* XCRemoteSwiftPackageReference "firebase-ios-sdk" */;
			productName = FirebaseDynamicLinks;
		};
		6393D2A52C562CF100532D95 /* FirebaseFirestore */ = {
			isa = XCSwiftPackageProductDependency;
			package = 6393D28C2C562CF100532D95 /* XCRemoteSwiftPackageReference "firebase-ios-sdk" */;
			productName = FirebaseFirestore;
		};
		6393D2A72C562CF100532D95 /* FirebaseFirestoreCombine-Community */ = {
			isa = XCSwiftPackageProductDependency;
			package = 6393D28C2C562CF100532D95 /* XCRemoteSwiftPackageReference "firebase-ios-sdk" */;
			productName = "FirebaseFirestoreCombine-Community";
		};
		6393D2A92C562CF100532D95 /* FirebaseFirestoreSwift */ = {
			isa = XCSwiftPackageProductDependency;
			package = 6393D28C2C562CF100532D95 /* XCRemoteSwiftPackageReference "firebase-ios-sdk" */;
			productName = FirebaseFirestoreSwift;
		};
		6393D2AB2C562CF100532D95 /* FirebaseFunctions */ = {
			isa = XCSwiftPackageProductDependency;
			package = 6393D28C2C562CF100532D95 /* XCRemoteSwiftPackageReference "firebase-ios-sdk" */;
			productName = FirebaseFunctions;
		};
		6393D2AD2C562CF100532D95 /* FirebaseFunctionsCombine-Community */ = {
			isa = XCSwiftPackageProductDependency;
			package = 6393D28C2C562CF100532D95 /* XCRemoteSwiftPackageReference "firebase-ios-sdk" */;
			productName = "FirebaseFunctionsCombine-Community";
		};
		6393D2AF2C562CF100532D95 /* FirebaseInAppMessaging-Beta */ = {
			isa = XCSwiftPackageProductDependency;
			package = 6393D28C2C562CF100532D95 /* XCRemoteSwiftPackageReference "firebase-ios-sdk" */;
			productName = "FirebaseInAppMessaging-Beta";
		};
		6393D2B12C562CF100532D95 /* FirebaseInAppMessagingSwift-Beta */ = {
			isa = XCSwiftPackageProductDependency;
			package = 6393D28C2C562CF100532D95 /* XCRemoteSwiftPackageReference "firebase-ios-sdk" */;
			productName = "FirebaseInAppMessagingSwift-Beta";
		};
		6393D2B32C562CF100532D95 /* FirebaseInstallations */ = {
			isa = XCSwiftPackageProductDependency;
			package = 6393D28C2C562CF100532D95 /* XCRemoteSwiftPackageReference "firebase-ios-sdk" */;
			productName = FirebaseInstallations;
		};
		6393D2B52C562CF100532D95 /* FirebaseMLModelDownloader */ = {
			isa = XCSwiftPackageProductDependency;
			package = 6393D28C2C562CF100532D95 /* XCRemoteSwiftPackageReference "firebase-ios-sdk" */;
			productName = FirebaseMLModelDownloader;
		};
		6393D2B72C562CF100532D95 /* FirebaseMessaging */ = {
			isa = XCSwiftPackageProductDependency;
			package = 6393D28C2C562CF100532D95 /* XCRemoteSwiftPackageReference "firebase-ios-sdk" */;
			productName = FirebaseMessaging;
		};
		6393D2B92C562CF100532D95 /* FirebasePerformance */ = {
			isa = XCSwiftPackageProductDependency;
			package = 6393D28C2C562CF100532D95 /* XCRemoteSwiftPackageReference "firebase-ios-sdk" */;
			productName = FirebasePerformance;
		};
		6393D2BB2C562CF100532D95 /* FirebaseRemoteConfig */ = {
			isa = XCSwiftPackageProductDependency;
			package = 6393D28C2C562CF100532D95 /* XCRemoteSwiftPackageReference "firebase-ios-sdk" */;
			productName = FirebaseRemoteConfig;
		};
		6393D2BD2C562CF100532D95 /* FirebaseRemoteConfigSwift */ = {
			isa = XCSwiftPackageProductDependency;
			package = 6393D28C2C562CF100532D95 /* XCRemoteSwiftPackageReference "firebase-ios-sdk" */;
			productName = FirebaseRemoteConfigSwift;
		};
		6393D2BF2C562CF100532D95 /* FirebaseStorage */ = {
			isa = XCSwiftPackageProductDependency;
			package = 6393D28C2C562CF100532D95 /* XCRemoteSwiftPackageReference "firebase-ios-sdk" */;
			productName = FirebaseStorage;
		};
		6393D2C12C562CF100532D95 /* FirebaseStorageCombine-Community */ = {
			isa = XCSwiftPackageProductDependency;
			package = 6393D28C2C562CF100532D95 /* XCRemoteSwiftPackageReference "firebase-ios-sdk" */;
			productName = "FirebaseStorageCombine-Community";
		};
		6393D2C32C562CF100532D95 /* FirebaseVertexAI-Preview */ = {
			isa = XCSwiftPackageProductDependency;
			package = 6393D28C2C562CF100532D95 /* XCRemoteSwiftPackageReference "firebase-ios-sdk" */;
			productName = "FirebaseVertexAI-Preview";
		};
		6393D2C62C562E2600532D95 /* SDWebImage */ = {
			isa = XCSwiftPackageProductDependency;
			package = 6393D2C52C562E2600532D95 /* XCRemoteSwiftPackageReference "SDWebImage" */;
			productName = SDWebImage;
		};
		6393D2C82C562E2600532D95 /* SDWebImageMapKit */ = {
			isa = XCSwiftPackageProductDependency;
			package = 6393D2C52C562E2600532D95 /* XCRemoteSwiftPackageReference "SDWebImage" */;
			productName = SDWebImageMapKit;
		};
/* End XCSwiftPackageProductDependency section */
	};
	rootObject = 27EF661728EC269000C1E570 /* Project object */;
}
